
Microsoft Visual Studio Solution File, Format Version 12.00
# Visual Studio Version 17
VisualStudioVersion = 17.6.33723.286
MinimumVisualStudioVersion = 10.0.40219.1
Project("{00D1A9C2-B5F0-4AF3-8072-F6C62B433612}") = "SampleProject0603", "SampleProject0603.sqlproj", "{12DE7A33-39B5-401F-9381-904DA5776EC6}"
EndProject
Global
	GlobalSection(SolutionConfigurationPlatforms) = preSolution
		Debug|Any CPU = Debug|Any CPU
		Release|Any CPU = Release|Any CPU
	EndGlobalSection
	GlobalSection(ProjectConfigurationPlatforms) = postSolution
		{12DE7A33-39B5-401F-9381-904DA5776EC6}.Debug|Any CPU.ActiveCfg = Debug|Any CPU
		{12DE7A33-39B5-401F-9381-904DA5776EC6}.Debug|Any CPU.Build.0 = Debug|Any CPU
		{12DE7A33-39B5-401F-9381-904DA5776EC6}.Debug|Any CPU.Deploy.0 = Debug|Any CPU
		{12DE7A33-39B5-401F-9381-904DA5776EC6}.Release|Any CPU.ActiveCfg = Release|Any CPU
		{12DE7A33-39B5-401F-9381-904DA5776EC6}.Release|Any CPU.Build.0 = Release|Any CPU
		{12DE7A33-39B5-401F-9381-904DA5776EC6}.Release|Any CPU.Deploy.0 = Release|Any CPU
	EndGlobalSection
	GlobalSection(SolutionProperties) = preSolution
		HideSolutionNode = FALSE
	EndGlobalSection
	GlobalSection(ExtensibilityGlobals) = postSolution
		SolutionGuid = {4DCADBD9-3BE2-4EF1-A585-E7C9308422FA}
	EndGlobalSection
EndGlobal
